# This file is automatically @generated by Cargo.
# It is not intended for manual editing.
version = 3

[[package]]
name = "linux-rust-bindings"
version = "0.1.0"
source = "git+https://github.com/MarcusGrass/linux-rust-bindings?rev=890044c#890044ce1e40c35b0ad0a1e4be5bbbf8a8a597bd"

[[package]]
name = "rusl"
version = "0.1.0"
dependencies = [
 "linux-rust-bindings",
 "sc",
 "unix-print",
]

[[package]]
name = "sc"
version = "0.2.7"
source = "registry+https://github.com/rust-lang/crates.io-index"
checksum = "010e18bd3bfd1d45a7e666b236c78720df0d9a7698ebaa9c1c559961eb60a38b"

[[package]]
name = "tiny-std"
version = "0.1.0"
dependencies = [
 "rusl",
 "sc",
 "unix-print",
]

[[package]]
name = "unix-print"
version = "0.1.0"
source = "registry+https://github.com/rust-lang/crates.io-index"
checksum = "c50e1866b3de196f1329f6a805771eee750651c83bbebd5dff159e5f033cc16f"
dependencies = [
 "sc",
]
