# This file is automatically @generated by Cargo.
# It is not intended for manual editing.
version = 3

[[package]]
name = "alloc-st-main"
version = "0.1.0"
dependencies = [
 "test-lib",
 "tiny-std",
]

[[package]]
name = "linux-rust-bindings"
version = "0.1.1"
source = "registry+https://github.com/rust-lang/crates.io-index"
checksum = "88eeeb1a5ef57ab0d40fb7a256e1b211496f97d6a8664ef52c0a665ce69a4e0f"

[[package]]
name = "rusl"
version = "0.2.2"
dependencies = [
 "linux-rust-bindings",
 "sc",
]

[[package]]
name = "sc"
version = "0.2.7"
source = "registry+https://github.com/rust-lang/crates.io-index"
checksum = "010e18bd3bfd1d45a7e666b236c78720df0d9a7698ebaa9c1c559961eb60a38b"

[[package]]
name = "test-lib"
version = "0.1.0"
dependencies = [
 "rusl",
 "tiny-std",
]

[[package]]
name = "tiny-start"
version = "0.1.2"
dependencies = [
 "rusl",
]

[[package]]
name = "tiny-std"
version = "0.2.3"
dependencies = [
 "rusl",
 "sc",
 "tiny-start",
]
