# This file is automatically @generated by Cargo.
# It is not intended for manual editing.
version = 3

[[package]]
name = "alloc-st-main"
version = "0.1.0"
dependencies = [
 "test-lib",
 "tiny-std",
 "unix-print",
]

[[package]]
name = "linux-rust-bindings"
version = "0.1.0"
source = "registry+https://github.com/rust-lang/crates.io-index"
checksum = "bbe1e1086759456793fdc0b97ac3affa3f8f1706fb472df1e4e4c8b61c8a5b7b"

[[package]]
name = "rusl"
version = "0.1.0"
dependencies = [
 "linux-rust-bindings",
 "sc",
 "unix-print",
]

[[package]]
name = "sc"
version = "0.2.7"
source = "registry+https://github.com/rust-lang/crates.io-index"
checksum = "010e18bd3bfd1d45a7e666b236c78720df0d9a7698ebaa9c1c559961eb60a38b"

[[package]]
name = "test-lib"
version = "0.1.0"
dependencies = [
 "rusl",
 "tiny-std",
 "unix-print",
]

[[package]]
name = "tiny-std"
version = "0.1.0"
dependencies = [
 "rusl",
 "sc",
 "unix-print",
]

[[package]]
name = "unix-print"
version = "0.1.0"
source = "registry+https://github.com/rust-lang/crates.io-index"
checksum = "c50e1866b3de196f1329f6a805771eee750651c83bbebd5dff159e5f033cc16f"
dependencies = [
 "sc",
]
